
Microsoft Visual Studio Solution File, Format Version 12.00
# Visual Studio Version 17
VisualStudioVersion = 17.3.32929.385
MinimumVisualStudioVersion = 10.0.40219.1
Project("{FAE04EC0-301F-11D3-BF4B-00C04F79EFBC}") = "06. Max Number", "06. Max Number.csproj", "{FFDAAD8B-9006-4DDE-BEDE-276886CF3105}"
EndProject
Global
	GlobalSection(SolutionConfigurationPlatforms) = preSolution
		Debug|Any CPU = Debug|Any CPU
		Release|Any CPU = Release|Any CPU
	EndGlobalSection
	GlobalSection(ProjectConfigurationPlatforms) = postSolution
		{FFDAAD8B-9006-4DDE-BEDE-276886CF3105}.Debug|Any CPU.ActiveCfg = Debug|Any CPU
		{FFDAAD8B-9006-4DDE-BEDE-276886CF3105}.Debug|Any CPU.Build.0 = Debug|Any CPU
		{FFDAAD8B-9006-4DDE-BEDE-276886CF3105}.Release|Any CPU.ActiveCfg = Release|Any CPU
		{FFDAAD8B-9006-4DDE-BEDE-276886CF3105}.Release|Any CPU.Build.0 = Release|Any CPU
	EndGlobalSection
	GlobalSection(SolutionProperties) = preSolution
		HideSolutionNode = FALSE
	EndGlobalSection
	GlobalSection(ExtensibilityGlobals) = postSolution
		SolutionGuid = {B6DD7B8A-82C6-40E5-B2AC-10BD1AFF5B1C}
	EndGlobalSection
EndGlobal
